// !$*UTF8*$!
{
	archiveVersion = 1;
	classes = {
	};
	objectVersion = 46;
	objects = {

/* Begin PBXBuildFile section */
		3B18E5C018F47E5300367184 /* DiscoverVC.m in Sources */ = {isa = PBXBuildFile; fileRef = 3B18E5BE18F47E5300367184 /* DiscoverVC.m */; };
		3B18E5C118F47E5300367184 /* DiscoverVC.xib in Resources */ = {isa = PBXBuildFile; fileRef = 3B18E5BF18F47E5300367184 /* DiscoverVC.xib */; };
		3B18E5C318F47EE000367184 /* CoreBluetooth.framework in Frameworks */ = {isa = PBXBuildFile; fileRef = 3B18E5C218F47EE000367184 /* CoreBluetooth.framework */; };
		3B18E5C718F4851E00367184 /* LeftMenuDataModel.m in Sources */ = {isa = PBXBuildFile; fileRef = 3B18E5C618F4851E00367184 /* LeftMenuDataModel.m */; };
		3B18E5CA18F4853300367184 /* LeftMenuItem.m in Sources */ = {isa = PBXBuildFile; fileRef = 3B18E5C918F4853300367184 /* LeftMenuItem.m */; };
		3B6A693918F1CB8F00EBE271 /* BaseVC.m in Sources */ = {isa = PBXBuildFile; fileRef = 3B6A693818F1CB8F00EBE271 /* BaseVC.m */; };
		3B6A693E18F1CBD800EBE271 /* MainVC.m in Sources */ = {isa = PBXBuildFile; fileRef = 3B6A693C18F1CBD800EBE271 /* MainVC.m */; };
		3B6A693F18F1CBD800EBE271 /* MainVC.xib in Resources */ = {isa = PBXBuildFile; fileRef = 3B6A693D18F1CBD800EBE271 /* MainVC.xib */; };
		3B6A694718F1CC0A00EBE271 /* LeftMenuVC.m in Sources */ = {isa = PBXBuildFile; fileRef = 3B6A694518F1CC0A00EBE271 /* LeftMenuVC.m */; };
		3B6A694818F1CC0A00EBE271 /* LeftMenuVC.xib in Resources */ = {isa = PBXBuildFile; fileRef = 3B6A694618F1CC0A00EBE271 /* LeftMenuVC.xib */; };
		44F8151C11E4407BB5121FEA /* libPods.a in Frameworks */ = {isa = PBXBuildFile; fileRef = D097E7D1840C4578BE447906 /* libPods.a */; };
		4FA13FC718EEF90D009A660B /* Foundation.framework in Frameworks */ = {isa = PBXBuildFile; fileRef = 4FA13FC618EEF90D009A660B /* Foundation.framework */; };
		4FA13FC918EEF90D009A660B /* CoreGraphics.framework in Frameworks */ = {isa = PBXBuildFile; fileRef = 4FA13FC818EEF90D009A660B /* CoreGraphics.framework */; };
		4FA13FCB18EEF90D009A660B /* UIKit.framework in Frameworks */ = {isa = PBXBuildFile; fileRef = 4FA13FCA18EEF90D009A660B /* UIKit.framework */; };
		4FA13FD118EEF90D009A660B /* InfoPlist.strings in Resources */ = {isa = PBXBuildFile; fileRef = 4FA13FCF18EEF90D009A660B /* InfoPlist.strings */; };
		4FA13FD318EEF90D009A660B /* main.m in Sources */ = {isa = PBXBuildFile; fileRef = 4FA13FD218EEF90D009A660B /* main.m */; };
		4FA13FD718EEF90D009A660B /* AppDelegate.m in Sources */ = {isa = PBXBuildFile; fileRef = 4FA13FD618EEF90D009A660B /* AppDelegate.m */; };
		4FA13FD918EEF90D009A660B /* Images.xcassets in Resources */ = {isa = PBXBuildFile; fileRef = 4FA13FD818EEF90D009A660B /* Images.xcassets */; };
		4FA13FE018EEF90E009A660B /* XCTest.framework in Frameworks */ = {isa = PBXBuildFile; fileRef = 4FA13FDF18EEF90E009A660B /* XCTest.framework */; };
		4FA13FE118EEF90E009A660B /* Foundation.framework in Frameworks */ = {isa = PBXBuildFile; fileRef = 4FA13FC618EEF90D009A660B /* Foundation.framework */; };
		4FA13FE218EEF90E009A660B /* UIKit.framework in Frameworks */ = {isa = PBXBuildFile; fileRef = 4FA13FCA18EEF90D009A660B /* UIKit.framework */; };
		4FA13FEA18EEF90E009A660B /* InfoPlist.strings in Resources */ = {isa = PBXBuildFile; fileRef = 4FA13FE818EEF90E009A660B /* InfoPlist.strings */; };
		4FA13FEC18EEF90E009A660B /* CavemenTests.m in Sources */ = {isa = PBXBuildFile; fileRef = 4FA13FEB18EEF90E009A660B /* CavemenTests.m */; };
		4FDB480C18F6A21600604AC5 /* CoreLocation.framework in Frameworks */ = {isa = PBXBuildFile; fileRef = 4FDB480B18F6A21600604AC5 /* CoreLocation.framework */; };
		4FDB485318F82C1D00604AC5 /* ENLocationManager.m in Sources */ = {isa = PBXBuildFile; fileRef = 4FDB485218F82C1D00604AC5 /* ENLocationManager.m */; };
		4FDB485718F845B000604AC5 /* QRCodeVC.m in Sources */ = {isa = PBXBuildFile; fileRef = 4FDB485618F845B000604AC5 /* QRCodeVC.m */; };
		4FDB485C18F8474200604AC5 /* QRResultVC.m in Sources */ = {isa = PBXBuildFile; fileRef = 4FDB485A18F8474200604AC5 /* QRResultVC.m */; };
		4FDB485D18F8474200604AC5 /* QRResultVC.xib in Resources */ = {isa = PBXBuildFile; fileRef = 4FDB485B18F8474200604AC5 /* QRResultVC.xib */; };
		CD57B13B18F95A5B00D0365D /* LoginViewController.m in Sources */ = {isa = PBXBuildFile; fileRef = CD57B13918F95A5B00D0365D /* LoginViewController.m */; };
		CD57B13C18F95A5B00D0365D /* LoginViewController.xib in Resources */ = {isa = PBXBuildFile; fileRef = CD57B13A18F95A5B00D0365D /* LoginViewController.xib */; };
/* End PBXBuildFile section */

/* Begin PBXContainerItemProxy section */
		4FA13FE318EEF90E009A660B /* PBXContainerItemProxy */ = {
			isa = PBXContainerItemProxy;
			containerPortal = 4FA13FBB18EEF90D009A660B /* Project object */;
			proxyType = 1;
			remoteGlobalIDString = 4FA13FC218EEF90D009A660B;
			remoteInfo = Cavemen;
		};
/* End PBXContainerItemProxy section */

/* Begin PBXFileReference section */
		3B18E5BD18F47E5300367184 /* DiscoverVC.h */ = {isa = PBXFileReference; fileEncoding = 4; lastKnownFileType = sourcecode.c.h; path = DiscoverVC.h; sourceTree = "<group>"; };
		3B18E5BE18F47E5300367184 /* DiscoverVC.m */ = {isa = PBXFileReference; fileEncoding = 4; lastKnownFileType = sourcecode.c.objc; path = DiscoverVC.m; sourceTree = "<group>"; };
		3B18E5BF18F47E5300367184 /* DiscoverVC.xib */ = {isa = PBXFileReference; fileEncoding = 4; lastKnownFileType = file.xib; path = DiscoverVC.xib; sourceTree = "<group>"; };
		3B18E5C218F47EE000367184 /* CoreBluetooth.framework */ = {isa = PBXFileReference; lastKnownFileType = wrapper.framework; name = CoreBluetooth.framework; path = System/Library/Frameworks/CoreBluetooth.framework; sourceTree = SDKROOT; };
		3B18E5C518F4851E00367184 /* LeftMenuDataModel.h */ = {isa = PBXFileReference; fileEncoding = 4; lastKnownFileType = sourcecode.c.h; path = LeftMenuDataModel.h; sourceTree = "<group>"; };
		3B18E5C618F4851E00367184 /* LeftMenuDataModel.m */ = {isa = PBXFileReference; fileEncoding = 4; lastKnownFileType = sourcecode.c.objc; path = LeftMenuDataModel.m; sourceTree = "<group>"; };
		3B18E5C818F4853300367184 /* LeftMenuItem.h */ = {isa = PBXFileReference; fileEncoding = 4; lastKnownFileType = sourcecode.c.h; path = LeftMenuItem.h; sourceTree = "<group>"; };
		3B18E5C918F4853300367184 /* LeftMenuItem.m */ = {isa = PBXFileReference; fileEncoding = 4; lastKnownFileType = sourcecode.c.objc; path = LeftMenuItem.m; sourceTree = "<group>"; };
		3B6A693718F1CB8F00EBE271 /* BaseVC.h */ = {isa = PBXFileReference; fileEncoding = 4; lastKnownFileType = sourcecode.c.h; path = BaseVC.h; sourceTree = "<group>"; };
		3B6A693818F1CB8F00EBE271 /* BaseVC.m */ = {isa = PBXFileReference; fileEncoding = 4; lastKnownFileType = sourcecode.c.objc; path = BaseVC.m; sourceTree = "<group>"; };
		3B6A693B18F1CBD800EBE271 /* MainVC.h */ = {isa = PBXFileReference; fileEncoding = 4; lastKnownFileType = sourcecode.c.h; path = MainVC.h; sourceTree = "<group>"; };
		3B6A693C18F1CBD800EBE271 /* MainVC.m */ = {isa = PBXFileReference; fileEncoding = 4; lastKnownFileType = sourcecode.c.objc; path = MainVC.m; sourceTree = "<group>"; };
		3B6A693D18F1CBD800EBE271 /* MainVC.xib */ = {isa = PBXFileReference; fileEncoding = 4; lastKnownFileType = file.xib; path = MainVC.xib; sourceTree = "<group>"; };
		3B6A694418F1CC0A00EBE271 /* LeftMenuVC.h */ = {isa = PBXFileReference; fileEncoding = 4; lastKnownFileType = sourcecode.c.h; path = LeftMenuVC.h; sourceTree = "<group>"; };
		3B6A694518F1CC0A00EBE271 /* LeftMenuVC.m */ = {isa = PBXFileReference; fileEncoding = 4; lastKnownFileType = sourcecode.c.objc; path = LeftMenuVC.m; sourceTree = "<group>"; };
		3B6A694618F1CC0A00EBE271 /* LeftMenuVC.xib */ = {isa = PBXFileReference; fileEncoding = 4; lastKnownFileType = file.xib; path = LeftMenuVC.xib; sourceTree = "<group>"; };
		4FA13FC318EEF90D009A660B /* Cavemen.app */ = {isa = PBXFileReference; explicitFileType = wrapper.application; includeInIndex = 0; path = Cavemen.app; sourceTree = BUILT_PRODUCTS_DIR; };
		4FA13FC618EEF90D009A660B /* Foundation.framework */ = {isa = PBXFileReference; lastKnownFileType = wrapper.framework; name = Foundation.framework; path = System/Library/Frameworks/Foundation.framework; sourceTree = SDKROOT; };
		4FA13FC818EEF90D009A660B /* CoreGraphics.framework */ = {isa = PBXFileReference; lastKnownFileType = wrapper.framework; name = CoreGraphics.framework; path = System/Library/Frameworks/CoreGraphics.framework; sourceTree = SDKROOT; };
		4FA13FCA18EEF90D009A660B /* UIKit.framework */ = {isa = PBXFileReference; lastKnownFileType = wrapper.framework; name = UIKit.framework; path = System/Library/Frameworks/UIKit.framework; sourceTree = SDKROOT; };
		4FA13FCE18EEF90D009A660B /* Cavemen-Info.plist */ = {isa = PBXFileReference; lastKnownFileType = text.plist.xml; path = "Cavemen-Info.plist"; sourceTree = "<group>"; };
		4FA13FD018EEF90D009A660B /* en */ = {isa = PBXFileReference; lastKnownFileType = text.plist.strings; name = en; path = en.lproj/InfoPlist.strings; sourceTree = "<group>"; };
		4FA13FD218EEF90D009A660B /* main.m */ = {isa = PBXFileReference; lastKnownFileType = sourcecode.c.objc; path = main.m; sourceTree = "<group>"; };
		4FA13FD418EEF90D009A660B /* Cavemen-Prefix.pch */ = {isa = PBXFileReference; lastKnownFileType = sourcecode.c.h; path = "Cavemen-Prefix.pch"; sourceTree = "<group>"; };
		4FA13FD518EEF90D009A660B /* AppDelegate.h */ = {isa = PBXFileReference; lastKnownFileType = sourcecode.c.h; path = AppDelegate.h; sourceTree = "<group>"; };
		4FA13FD618EEF90D009A660B /* AppDelegate.m */ = {isa = PBXFileReference; lastKnownFileType = sourcecode.c.objc; path = AppDelegate.m; sourceTree = "<group>"; };
		4FA13FD818EEF90D009A660B /* Images.xcassets */ = {isa = PBXFileReference; lastKnownFileType = folder.assetcatalog; path = Images.xcassets; sourceTree = "<group>"; };
		4FA13FDE18EEF90E009A660B /* CavemenTests.xctest */ = {isa = PBXFileReference; explicitFileType = wrapper.cfbundle; includeInIndex = 0; path = CavemenTests.xctest; sourceTree = BUILT_PRODUCTS_DIR; };
		4FA13FDF18EEF90E009A660B /* XCTest.framework */ = {isa = PBXFileReference; lastKnownFileType = wrapper.framework; name = XCTest.framework; path = Library/Frameworks/XCTest.framework; sourceTree = DEVELOPER_DIR; };
		4FA13FE718EEF90E009A660B /* CavemenTests-Info.plist */ = {isa = PBXFileReference; lastKnownFileType = text.plist.xml; path = "CavemenTests-Info.plist"; sourceTree = "<group>"; };
		4FA13FE918EEF90E009A660B /* en */ = {isa = PBXFileReference; lastKnownFileType = text.plist.strings; name = en; path = en.lproj/InfoPlist.strings; sourceTree = "<group>"; };
		4FA13FEB18EEF90E009A660B /* CavemenTests.m */ = {isa = PBXFileReference; lastKnownFileType = sourcecode.c.objc; path = CavemenTests.m; sourceTree = "<group>"; };
		4FDB480B18F6A21600604AC5 /* CoreLocation.framework */ = {isa = PBXFileReference; lastKnownFileType = wrapper.framework; name = CoreLocation.framework; path = System/Library/Frameworks/CoreLocation.framework; sourceTree = SDKROOT; };
		4FDB485118F82C1D00604AC5 /* ENLocationManager.h */ = {isa = PBXFileReference; fileEncoding = 4; lastKnownFileType = sourcecode.c.h; path = ENLocationManager.h; sourceTree = "<group>"; };
		4FDB485218F82C1D00604AC5 /* ENLocationManager.m */ = {isa = PBXFileReference; fileEncoding = 4; lastKnownFileType = sourcecode.c.objc; path = ENLocationManager.m; sourceTree = "<group>"; };
		4FDB485518F845B000604AC5 /* QRCodeVC.h */ = {isa = PBXFileReference; fileEncoding = 4; lastKnownFileType = sourcecode.c.h; path = QRCodeVC.h; sourceTree = "<group>"; };
		4FDB485618F845B000604AC5 /* QRCodeVC.m */ = {isa = PBXFileReference; fileEncoding = 4; lastKnownFileType = sourcecode.c.objc; path = QRCodeVC.m; sourceTree = "<group>"; };
		4FDB485918F8474200604AC5 /* QRResultVC.h */ = {isa = PBXFileReference; fileEncoding = 4; lastKnownFileType = sourcecode.c.h; path = QRResultVC.h; sourceTree = "<group>"; };
		4FDB485A18F8474200604AC5 /* QRResultVC.m */ = {isa = PBXFileReference; fileEncoding = 4; lastKnownFileType = sourcecode.c.objc; path = QRResultVC.m; sourceTree = "<group>"; };
		4FDB485B18F8474200604AC5 /* QRResultVC.xib */ = {isa = PBXFileReference; fileEncoding = 4; lastKnownFileType = file.xib; path = QRResultVC.xib; sourceTree = "<group>"; };
		82A7006D697446A298593137 /* Pods.xcconfig */ = {isa = PBXFileReference; includeInIndex = 1; lastKnownFileType = text.xcconfig; name = Pods.xcconfig; path = Pods/Pods.xcconfig; sourceTree = "<group>"; };
		CD57B13818F95A5B00D0365D /* LoginViewController.h */ = {isa = PBXFileReference; fileEncoding = 4; lastKnownFileType = sourcecode.c.h; path = LoginViewController.h; sourceTree = "<group>"; };
		CD57B13918F95A5B00D0365D /* LoginViewController.m */ = {isa = PBXFileReference; fileEncoding = 4; lastKnownFileType = sourcecode.c.objc; path = LoginViewController.m; sourceTree = "<group>"; };
		CD57B13A18F95A5B00D0365D /* LoginViewController.xib */ = {isa = PBXFileReference; fileEncoding = 4; lastKnownFileType = file.xib; path = LoginViewController.xib; sourceTree = "<group>"; };
		D097E7D1840C4578BE447906 /* libPods.a */ = {isa = PBXFileReference; explicitFileType = archive.ar; includeInIndex = 0; path = libPods.a; sourceTree = BUILT_PRODUCTS_DIR; };
/* End PBXFileReference section */

/* Begin PBXFrameworksBuildPhase section */
		4FA13FC018EEF90D009A660B /* Frameworks */ = {
			isa = PBXFrameworksBuildPhase;
			buildActionMask = 2147483647;
			files = (
				4FDB480C18F6A21600604AC5 /* CoreLocation.framework in Frameworks */,
				3B18E5C318F47EE000367184 /* CoreBluetooth.framework in Frameworks */,
				4FA13FC918EEF90D009A660B /* CoreGraphics.framework in Frameworks */,
				4FA13FCB18EEF90D009A660B /* UIKit.framework in Frameworks */,
				4FA13FC718EEF90D009A660B /* Foundation.framework in Frameworks */,
				44F8151C11E4407BB5121FEA /* libPods.a in Frameworks */,
			);
			runOnlyForDeploymentPostprocessing = 0;
		};
		4FA13FDB18EEF90E009A660B /* Frameworks */ = {
			isa = PBXFrameworksBuildPhase;
			buildActionMask = 2147483647;
			files = (
				4FA13FE018EEF90E009A660B /* XCTest.framework in Frameworks */,
				4FA13FE218EEF90E009A660B /* UIKit.framework in Frameworks */,
				4FA13FE118EEF90E009A660B /* Foundation.framework in Frameworks */,
			);
			runOnlyForDeploymentPostprocessing = 0;
		};
/* End PBXFrameworksBuildPhase section */

/* Begin PBXGroup section */
		3B18E5BC18F47E0300367184 /* Discover VC */ = {
			isa = PBXGroup;
			children = (
				3B18E5BD18F47E5300367184 /* DiscoverVC.h */,
				3B18E5BE18F47E5300367184 /* DiscoverVC.m */,
				3B18E5BF18F47E5300367184 /* DiscoverVC.xib */,
			);
			name = "Discover VC";
			sourceTree = "<group>";
		};
		3B18E5C418F4850000367184 /* Data Model */ = {
			isa = PBXGroup;
			children = (
				3B18E5CB18F4853700367184 /* Left Menu */,
			);
			name = "Data Model";
			sourceTree = "<group>";
		};
		3B18E5CB18F4853700367184 /* Left Menu */ = {
			isa = PBXGroup;
			children = (
				3B18E5C518F4851E00367184 /* LeftMenuDataModel.h */,
				3B18E5C618F4851E00367184 /* LeftMenuDataModel.m */,
				3B18E5C818F4853300367184 /* LeftMenuItem.h */,
				3B18E5C918F4853300367184 /* LeftMenuItem.m */,
			);
			name = "Left Menu";
			sourceTree = "<group>";
		};
		3B6A693518F1CB6900EBE271 /* View Controllers */ = {
			isa = PBXGroup;
			children = (
				4FDB485818F8472A00604AC5 /* QRResultVC */,
				4FDB485418F8459100604AC5 /* QR Code VC */,
				3B18E5BC18F47E0300367184 /* Discover VC */,
				3B6A694018F1CBDE00EBE271 /* LeftMenuVC */,
				3B6A693A18F1CBC600EBE271 /* Main VC */,
				3B6A693618F1CB7300EBE271 /* Base VC */,
				CD57B13818F95A5B00D0365D /* LoginViewController.h */,
				CD57B13918F95A5B00D0365D /* LoginViewController.m */,
				CD57B13A18F95A5B00D0365D /* LoginViewController.xib */,
			);
			name = "View Controllers";
			sourceTree = "<group>";
		};
		3B6A693618F1CB7300EBE271 /* Base VC */ = {
			isa = PBXGroup;
			children = (
				3B6A693718F1CB8F00EBE271 /* BaseVC.h */,
				3B6A693818F1CB8F00EBE271 /* BaseVC.m */,
			);
			name = "Base VC";
			sourceTree = "<group>";
		};
		3B6A693A18F1CBC600EBE271 /* Main VC */ = {
			isa = PBXGroup;
			children = (
				3B6A693B18F1CBD800EBE271 /* MainVC.h */,
				3B6A693C18F1CBD800EBE271 /* MainVC.m */,
				3B6A693D18F1CBD800EBE271 /* MainVC.xib */,
			);
			name = "Main VC";
			sourceTree = "<group>";
		};
		3B6A694018F1CBDE00EBE271 /* LeftMenuVC */ = {
			isa = PBXGroup;
			children = (
				3B6A694418F1CC0A00EBE271 /* LeftMenuVC.h */,
				3B6A694518F1CC0A00EBE271 /* LeftMenuVC.m */,
				3B6A694618F1CC0A00EBE271 /* LeftMenuVC.xib */,
			);
			name = LeftMenuVC;
			sourceTree = "<group>";
		};
		4FA13FBA18EEF90D009A660B = {
			isa = PBXGroup;
			children = (
				4FA13FCC18EEF90D009A660B /* Cavemen */,
				4FA13FE518EEF90E009A660B /* CavemenTests */,
				4FA13FC518EEF90D009A660B /* Frameworks */,
				4FA13FC418EEF90D009A660B /* Products */,
				82A7006D697446A298593137 /* Pods.xcconfig */,
			);
			sourceTree = "<group>";
		};
		4FA13FC418EEF90D009A660B /* Products */ = {
			isa = PBXGroup;
			children = (
				4FA13FC318EEF90D009A660B /* Cavemen.app */,
				4FA13FDE18EEF90E009A660B /* CavemenTests.xctest */,
			);
			name = Products;
			sourceTree = "<group>";
		};
		4FA13FC518EEF90D009A660B /* Frameworks */ = {
			isa = PBXGroup;
			children = (
				4FDB480B18F6A21600604AC5 /* CoreLocation.framework */,
				3B18E5C218F47EE000367184 /* CoreBluetooth.framework */,
				4FA13FC618EEF90D009A660B /* Foundation.framework */,
				4FA13FC818EEF90D009A660B /* CoreGraphics.framework */,
				4FA13FCA18EEF90D009A660B /* UIKit.framework */,
				4FA13FDF18EEF90E009A660B /* XCTest.framework */,
				D097E7D1840C4578BE447906 /* libPods.a */,
			);
			name = Frameworks;
			sourceTree = "<group>";
		};
		4FA13FCC18EEF90D009A660B /* Cavemen */ = {
			isa = PBXGroup;
			children = (
				4FDB485018F82C0400604AC5 /* ENLocationManager */,
				3B18E5C418F4850000367184 /* Data Model */,
				3B6A693518F1CB6900EBE271 /* View Controllers */,
				4FA13FD518EEF90D009A660B /* AppDelegate.h */,
				4FA13FD618EEF90D009A660B /* AppDelegate.m */,
				4FA13FD818EEF90D009A660B /* Images.xcassets */,
				4FA13FCD18EEF90D009A660B /* Supporting Files */,
			);
			path = Cavemen;
			sourceTree = "<group>";
		};
		4FA13FCD18EEF90D009A660B /* Supporting Files */ = {
			isa = PBXGroup;
			children = (
				4FA13FCE18EEF90D009A660B /* Cavemen-Info.plist */,
				4FA13FCF18EEF90D009A660B /* InfoPlist.strings */,
				4FA13FD218EEF90D009A660B /* main.m */,
				4FA13FD418EEF90D009A660B /* Cavemen-Prefix.pch */,
			);
			name = "Supporting Files";
			sourceTree = "<group>";
		};
		4FA13FE518EEF90E009A660B /* CavemenTests */ = {
			isa = PBXGroup;
			children = (
				4FA13FEB18EEF90E009A660B /* CavemenTests.m */,
				4FA13FE618EEF90E009A660B /* Supporting Files */,
			);
			path = CavemenTests;
			sourceTree = "<group>";
		};
		4FA13FE618EEF90E009A660B /* Supporting Files */ = {
			isa = PBXGroup;
			children = (
				4FA13FE718EEF90E009A660B /* CavemenTests-Info.plist */,
				4FA13FE818EEF90E009A660B /* InfoPlist.strings */,
			);
			name = "Supporting Files";
			sourceTree = "<group>";
		};
		4FDB485018F82C0400604AC5 /* ENLocationManager */ = {
			isa = PBXGroup;
			children = (
				4FDB485118F82C1D00604AC5 /* ENLocationManager.h */,
				4FDB485218F82C1D00604AC5 /* ENLocationManager.m */,
			);
			name = ENLocationManager;
			sourceTree = "<group>";
		};
		4FDB485418F8459100604AC5 /* QR Code VC */ = {
			isa = PBXGroup;
			children = (
				4FDB485518F845B000604AC5 /* QRCodeVC.h */,
				4FDB485618F845B000604AC5 /* QRCodeVC.m */,
			);
			name = "QR Code VC";
			sourceTree = "<group>";
		};
		4FDB485818F8472A00604AC5 /* QRResultVC */ = {
			isa = PBXGroup;
			children = (
				4FDB485918F8474200604AC5 /* QRResultVC.h */,
				4FDB485A18F8474200604AC5 /* QRResultVC.m */,
				4FDB485B18F8474200604AC5 /* QRResultVC.xib */,
			);
			name = QRResultVC;
			sourceTree = "<group>";
		};
/* End PBXGroup section */

/* Begin PBXNativeTarget section */
		4FA13FC218EEF90D009A660B /* Cavemen */ = {
			isa = PBXNativeTarget;
			buildConfigurationList = 4FA13FEF18EEF90E009A660B /* Build configuration list for PBXNativeTarget "Cavemen" */;
			buildPhases = (
				86AF5FC1F3F140F687C28D59 /* Check Pods Manifest.lock */,
				4FA13FBF18EEF90D009A660B /* Sources */,
				4FA13FC018EEF90D009A660B /* Frameworks */,
				4FA13FC118EEF90D009A660B /* Resources */,
				5E996CB00232495DBB907380 /* Copy Pods Resources */,
			);
			buildRules = (
			);
			dependencies = (
			);
			name = Cavemen;
			productName = Cavemen;
			productReference = 4FA13FC318EEF90D009A660B /* Cavemen.app */;
			productType = "com.apple.product-type.application";
		};
		4FA13FDD18EEF90E009A660B /* CavemenTests */ = {
			isa = PBXNativeTarget;
			buildConfigurationList = 4FA13FF218EEF90E009A660B /* Build configuration list for PBXNativeTarget "CavemenTests" */;
			buildPhases = (
				4FA13FDA18EEF90E009A660B /* Sources */,
				4FA13FDB18EEF90E009A660B /* Frameworks */,
				4FA13FDC18EEF90E009A660B /* Resources */,
			);
			buildRules = (
			);
			dependencies = (
				4FA13FE418EEF90E009A660B /* PBXTargetDependency */,
			);
			name = CavemenTests;
			productName = CavemenTests;
			productReference = 4FA13FDE18EEF90E009A660B /* CavemenTests.xctest */;
			productType = "com.apple.product-type.bundle.unit-test";
		};
/* End PBXNativeTarget section */

/* Begin PBXProject section */
		4FA13FBB18EEF90D009A660B /* Project object */ = {
			isa = PBXProject;
			attributes = {
				LastUpgradeCheck = 0510;
				ORGANIZATIONNAME = Endava;
				TargetAttributes = {
					4FA13FDD18EEF90E009A660B = {
						TestTargetID = 4FA13FC218EEF90D009A660B;
					};
				};
			};
			buildConfigurationList = 4FA13FBE18EEF90D009A660B /* Build configuration list for PBXProject "Cavemen" */;
			compatibilityVersion = "Xcode 3.2";
			developmentRegion = English;
			hasScannedForEncodings = 0;
			knownRegions = (
				en,
			);
			mainGroup = 4FA13FBA18EEF90D009A660B;
			productRefGroup = 4FA13FC418EEF90D009A660B /* Products */;
			projectDirPath = "";
			projectRoot = "";
			targets = (
				4FA13FC218EEF90D009A660B /* Cavemen */,
				4FA13FDD18EEF90E009A660B /* CavemenTests */,
			);
		};
/* End PBXProject section */

/* Begin PBXResourcesBuildPhase section */
		4FA13FC118EEF90D009A660B /* Resources */ = {
			isa = PBXResourcesBuildPhase;
			buildActionMask = 2147483647;
			files = (
				3B6A694818F1CC0A00EBE271 /* LeftMenuVC.xib in Resources */,
				3B18E5C118F47E5300367184 /* DiscoverVC.xib in Resources */,
				3B6A693F18F1CBD800EBE271 /* MainVC.xib in Resources */,
				4FA13FD118EEF90D009A660B /* InfoPlist.strings in Resources */,
				4FDB485D18F8474200604AC5 /* QRResultVC.xib in Resources */,
				CD57B13C18F95A5B00D0365D /* LoginViewController.xib in Resources */,
				4FA13FD918EEF90D009A660B /* Images.xcassets in Resources */,
			);
			runOnlyForDeploymentPostprocessing = 0;
		};
		4FA13FDC18EEF90E009A660B /* Resources */ = {
			isa = PBXResourcesBuildPhase;
			buildActionMask = 2147483647;
			files = (
				4FA13FEA18EEF90E009A660B /* InfoPlist.strings in Resources */,
			);
			runOnlyForDeploymentPostprocessing = 0;
		};
/* End PBXResourcesBuildPhase section */

/* Begin PBXShellScriptBuildPhase section */
		5E996CB00232495DBB907380 /* Copy Pods Resources */ = {
			isa = PBXShellScriptBuildPhase;
			buildActionMask = 2147483647;
			files = (
			);
			inputPaths = (
			);
			name = "Copy Pods Resources";
			outputPaths = (
			);
			runOnlyForDeploymentPostprocessing = 0;
			shellPath = /bin/sh;
			shellScript = "\"${SRCROOT}/Pods/Pods-resources.sh\"\n";
			showEnvVarsInLog = 0;
		};
		86AF5FC1F3F140F687C28D59 /* Check Pods Manifest.lock */ = {
			isa = PBXShellScriptBuildPhase;
			buildActionMask = 2147483647;
			files = (
			);
			inputPaths = (
			);
			name = "Check Pods Manifest.lock";
			outputPaths = (
			);
			runOnlyForDeploymentPostprocessing = 0;
			shellPath = /bin/sh;
			shellScript = "diff \"${PODS_ROOT}/../Podfile.lock\" \"${PODS_ROOT}/Manifest.lock\" > /dev/null\nif [[ $? != 0 ]] ; then\n    cat << EOM\nerror: The sandbox is not in sync with the Podfile.lock. Run 'pod install' or update your CocoaPods installation.\nEOM\n    exit 1\nfi\n";
			showEnvVarsInLog = 0;
		};
/* End PBXShellScriptBuildPhase section */

/* Begin PBXSourcesBuildPhase section */
		4FA13FBF18EEF90D009A660B /* Sources */ = {
			isa = PBXSourcesBuildPhase;
			buildActionMask = 2147483647;
			files = (
				3B18E5CA18F4853300367184 /* LeftMenuItem.m in Sources */,
				3B6A693918F1CB8F00EBE271 /* BaseVC.m in Sources */,
				3B6A693E18F1CBD800EBE271 /* MainVC.m in Sources */,
				4FA13FD718EEF90D009A660B /* AppDelegate.m in Sources */,
				4FA13FD318EEF90D009A660B /* main.m in Sources */,
				4FDB485C18F8474200604AC5 /* QRResultVC.m in Sources */,
				3B18E5C718F4851E00367184 /* LeftMenuDataModel.m in Sources */,
				4FDB485718F845B000604AC5 /* QRCodeVC.m in Sources */,
				CD57B13B18F95A5B00D0365D /* LoginViewController.m in Sources */,
				3B6A694718F1CC0A00EBE271 /* LeftMenuVC.m in Sources */,
				4FDB485318F82C1D00604AC5 /* ENLocationManager.m in Sources */,
				3B18E5C018F47E5300367184 /* DiscoverVC.m in Sources */,
			);
			runOnlyForDeploymentPostprocessing = 0;
		};
		4FA13FDA18EEF90E009A660B /* Sources */ = {
			isa = PBXSourcesBuildPhase;
			buildActionMask = 2147483647;
			files = (
				4FA13FEC18EEF90E009A660B /* CavemenTests.m in Sources */,
			);
			runOnlyForDeploymentPostprocessing = 0;
		};
/* End PBXSourcesBuildPhase section */

/* Begin PBXTargetDependency section */
		4FA13FE418EEF90E009A660B /* PBXTargetDependency */ = {
			isa = PBXTargetDependency;
			target = 4FA13FC218EEF90D009A660B /* Cavemen */;
			targetProxy = 4FA13FE318EEF90E009A660B /* PBXContainerItemProxy */;
		};
/* End PBXTargetDependency section */

/* Begin PBXVariantGroup section */
		4FA13FCF18EEF90D009A660B /* InfoPlist.strings */ = {
			isa = PBXVariantGroup;
			children = (
				4FA13FD018EEF90D009A660B /* en */,
			);
			name = InfoPlist.strings;
			sourceTree = "<group>";
		};
		4FA13FE818EEF90E009A660B /* InfoPlist.strings */ = {
			isa = PBXVariantGroup;
			children = (
				4FA13FE918EEF90E009A660B /* en */,
			);
			name = InfoPlist.strings;
			sourceTree = "<group>";
		};
/* End PBXVariantGroup section */

/* Begin XCBuildConfiguration section */
		4FA13FED18EEF90E009A660B /* Debug */ = {
			isa = XCBuildConfiguration;
			buildSettings = {
				ALWAYS_SEARCH_USER_PATHS = NO;
				CLANG_CXX_LANGUAGE_STANDARD = "gnu++0x";
				CLANG_CXX_LIBRARY = "libc++";
				CLANG_ENABLE_MODULES = YES;
				CLANG_ENABLE_OBJC_ARC = YES;
				CLANG_WARN_BOOL_CONVERSION = YES;
				CLANG_WARN_CONSTANT_CONVERSION = YES;
				CLANG_WARN_DIRECT_OBJC_ISA_USAGE = YES_ERROR;
				CLANG_WARN_EMPTY_BODY = YES;
				CLANG_WARN_ENUM_CONVERSION = YES;
				CLANG_WARN_INT_CONVERSION = YES;
				CLANG_WARN_OBJC_ROOT_CLASS = YES_ERROR;
				CLANG_WARN__DUPLICATE_METHOD_MATCH = YES;
				"CODE_SIGN_IDENTITY[sdk=iphoneos*]" = "iPhone Developer";
				COPY_PHASE_STRIP = NO;
				GCC_C_LANGUAGE_STANDARD = gnu99;
				GCC_DYNAMIC_NO_PIC = NO;
				GCC_OPTIMIZATION_LEVEL = 0;
				GCC_PREPROCESSOR_DEFINITIONS = (
					"DEBUG=1",
					"$(inherited)",
				);
				GCC_SYMBOLS_PRIVATE_EXTERN = NO;
				GCC_WARN_64_TO_32_BIT_CONVERSION = YES;
				GCC_WARN_ABOUT_RETURN_TYPE = YES_ERROR;
				GCC_WARN_UNDECLARED_SELECTOR = YES;
				GCC_WARN_UNINITIALIZED_AUTOS = YES_AGGRESSIVE;
				GCC_WARN_UNUSED_FUNCTION = YES;
				GCC_WARN_UNUSED_VARIABLE = YES;
				IPHONEOS_DEPLOYMENT_TARGET = 7.1;
				ONLY_ACTIVE_ARCH = YES;
				SDKROOT = iphoneos;
			};
			name = Debug;
		};
		4FA13FEE18EEF90E009A660B /* Release */ = {
			isa = XCBuildConfiguration;
			buildSettings = {
				ALWAYS_SEARCH_USER_PATHS = NO;
				CLANG_CXX_LANGUAGE_STANDARD = "gnu++0x";
				CLANG_CXX_LIBRARY = "libc++";
				CLANG_ENABLE_MODULES = YES;
				CLANG_ENABLE_OBJC_ARC = YES;
				CLANG_WARN_BOOL_CONVERSION = YES;
				CLANG_WARN_CONSTANT_CONVERSION = YES;
				CLANG_WARN_DIRECT_OBJC_ISA_USAGE = YES_ERROR;
				CLANG_WARN_EMPTY_BODY = YES;
				CLANG_WARN_ENUM_CONVERSION = YES;
				CLANG_WARN_INT_CONVERSION = YES;
				CLANG_WARN_OBJC_ROOT_CLASS = YES_ERROR;
				CLANG_WARN__DUPLICATE_METHOD_MATCH = YES;
				"CODE_SIGN_IDENTITY[sdk=iphoneos*]" = "iPhone Developer";
				COPY_PHASE_STRIP = YES;
				ENABLE_NS_ASSERTIONS = NO;
				GCC_C_LANGUAGE_STANDARD = gnu99;
				GCC_WARN_64_TO_32_BIT_CONVERSION = YES;
				GCC_WARN_ABOUT_RETURN_TYPE = YES_ERROR;
				GCC_WARN_UNDECLARED_SELECTOR = YES;
				GCC_WARN_UNINITIALIZED_AUTOS = YES_AGGRESSIVE;
				GCC_WARN_UNUSED_FUNCTION = YES;
				GCC_WARN_UNUSED_VARIABLE = YES;
				IPHONEOS_DEPLOYMENT_TARGET = 7.1;
				SDKROOT = iphoneos;
				VALIDATE_PRODUCT = YES;
			};
			name = Release;
		};
		4FA13FF018EEF90E009A660B /* Debug */ = {
			isa = XCBuildConfiguration;
			baseConfigurationReference = 82A7006D697446A298593137 /* Pods.xcconfig */;
			buildSettings = {
				ASSETCATALOG_COMPILER_APPICON_NAME = AppIcon;
				ASSETCATALOG_COMPILER_LAUNCHIMAGE_NAME = LaunchImage;
				GCC_PRECOMPILE_PREFIX_HEADER = YES;
				GCC_PREFIX_HEADER = "Cavemen/Cavemen-Prefix.pch";
				INFOPLIST_FILE = "Cavemen/Cavemen-Info.plist";
				PRODUCT_NAME = "$(TARGET_NAME)";
				WRAPPER_EXTENSION = app;
			};
			name = Debug;
		};
		4FA13FF118EEF90E009A660B /* Release */ = {
			isa = XCBuildConfiguration;
			baseConfigurationReference = 82A7006D697446A298593137 /* Pods.xcconfig */;
			buildSettings = {
				ASSETCATALOG_COMPILER_APPICON_NAME = AppIcon;
				ASSETCATALOG_COMPILER_LAUNCHIMAGE_NAME = LaunchImage;
				GCC_PRECOMPILE_PREFIX_HEADER = YES;
				GCC_PREFIX_HEADER = "Cavemen/Cavemen-Prefix.pch";
				INFOPLIST_FILE = "Cavemen/Cavemen-Info.plist";
				PRODUCT_NAME = "$(TARGET_NAME)";
				WRAPPER_EXTENSION = app;
			};
			name = Release;
		};
		4FA13FF318EEF90E009A660B /* Debug */ = {
			isa = XCBuildConfiguration;
			buildSettings = {
				BUNDLE_LOADER = "$(BUILT_PRODUCTS_DIR)/Cavemen.app/Cavemen";
				FRAMEWORK_SEARCH_PATHS = (
					"$(SDKROOT)/Developer/Library/Frameworks",
					"$(inherited)",
					"$(DEVELOPER_FRAMEWORKS_DIR)",
				);
				GCC_PRECOMPILE_PREFIX_HEADER = YES;
				GCC_PREFIX_HEADER = "Cavemen/Cavemen-Prefix.pch";
				GCC_PREPROCESSOR_DEFINITIONS = (
					"DEBUG=1",
					"$(inherited)",
				);
				INFOPLIST_FILE = "CavemenTests/CavemenTests-Info.plist";
				PRODUCT_NAME = "$(TARGET_NAME)";
				TEST_HOST = "$(BUNDLE_LOADER)";
				WRAPPER_EXTENSION = xctest;
			};
			name = Debug;
		};
		4FA13FF418EEF90E009A660B /* Release */ = {
			isa = XCBuildConfiguration;
			buildSettings = {
				BUNDLE_LOADER = "$(BUILT_PRODUCTS_DIR)/Cavemen.app/Cavemen";
				FRAMEWORK_SEARCH_PATHS = (
					"$(SDKROOT)/Developer/Library/Frameworks",
					"$(inherited)",
					"$(DEVELOPER_FRAMEWORKS_DIR)",
				);
				GCC_PRECOMPILE_PREFIX_HEADER = YES;
				GCC_PREFIX_HEADER = "Cavemen/Cavemen-Prefix.pch";
				INFOPLIST_FILE = "CavemenTests/CavemenTests-Info.plist";
				PRODUCT_NAME = "$(TARGET_NAME)";
				TEST_HOST = "$(BUNDLE_LOADER)";
				WRAPPER_EXTENSION = xctest;
			};
			name = Release;
		};
/* End XCBuildConfiguration section */

/* Begin XCConfigurationList section */
		4FA13FBE18EEF90D009A660B /* Build configuration list for PBXProject "Cavemen" */ = {
			isa = XCConfigurationList;
			buildConfigurations = (
				4FA13FED18EEF90E009A660B /* Debug */,
				4FA13FEE18EEF90E009A660B /* Release */,
			);
			defaultConfigurationIsVisible = 0;
			defaultConfigurationName = Release;
		};
		4FA13FEF18EEF90E009A660B /* Build configuration list for PBXNativeTarget "Cavemen" */ = {
			isa = XCConfigurationList;
			buildConfigurations = (
				4FA13FF018EEF90E009A660B /* Debug */,
				4FA13FF118EEF90E009A660B /* Release */,
			);
			defaultConfigurationIsVisible = 0;
			defaultConfigurationName = Release;
		};
		4FA13FF218EEF90E009A660B /* Build configuration list for PBXNativeTarget "CavemenTests" */ = {
			isa = XCConfigurationList;
			buildConfigurations = (
				4FA13FF318EEF90E009A660B /* Debug */,
				4FA13FF418EEF90E009A660B /* Release */,
			);
			defaultConfigurationIsVisible = 0;
			defaultConfigurationName = Release;
		};
/* End XCConfigurationList section */
	};
	rootObject = 4FA13FBB18EEF90D009A660B /* Project object */;
}
